
Microsoft Visual Studio Solution File, Format Version 12.00
# Visual Studio Version 16
VisualStudioVersion = 16.0.31205.134
MinimumVisualStudioVersion = 10.0.40219.1
Project("{FAE04EC0-301F-11D3-BF4B-00C04F79EFBC}") = "Ecommerce", "Ecommerce.csproj", "{E9A7E3B4-66CC-465F-AA78-018D2FF473EA}"
EndProject
Project("{FAE04EC0-301F-11D3-BF4B-00C04F79EFBC}") = "MVCUnitTest.Test", "..\MVCUnitTest\MVCUnitTest.Test.csproj", "{20815C0A-F89E-4890-B663-BFCF711F6FC2}"
EndProject
Global
	GlobalSection(SolutionConfigurationPlatforms) = preSolution
		Debug|Any CPU = Debug|Any CPU
		Release|Any CPU = Release|Any CPU
	EndGlobalSection
	GlobalSection(ProjectConfigurationPlatforms) = postSolution
		{E9A7E3B4-66CC-465F-AA78-018D2FF473EA}.Debug|Any CPU.ActiveCfg = Debug|Any CPU
		{E9A7E3B4-66CC-465F-AA78-018D2FF473EA}.Debug|Any CPU.Build.0 = Debug|Any CPU
		{E9A7E3B4-66CC-465F-AA78-018D2FF473EA}.Release|Any CPU.ActiveCfg = Release|Any CPU
		{E9A7E3B4-66CC-465F-AA78-018D2FF473EA}.Release|Any CPU.Build.0 = Release|Any CPU
		{20815C0A-F89E-4890-B663-BFCF711F6FC2}.Debug|Any CPU.ActiveCfg = Debug|Any CPU
		{20815C0A-F89E-4890-B663-BFCF711F6FC2}.Debug|Any CPU.Build.0 = Debug|Any CPU
		{20815C0A-F89E-4890-B663-BFCF711F6FC2}.Release|Any CPU.ActiveCfg = Release|Any CPU
		{20815C0A-F89E-4890-B663-BFCF711F6FC2}.Release|Any CPU.Build.0 = Release|Any CPU
	EndGlobalSection
	GlobalSection(SolutionProperties) = preSolution
		HideSolutionNode = FALSE
	EndGlobalSection
	GlobalSection(ExtensibilityGlobals) = postSolution
		SolutionGuid = {1A5AC785-B28E-4CCA-8D98-23E1EDD493B0}
	EndGlobalSection
EndGlobal
